
Microsoft Visual Studio Solution File, Format Version 12.00
# Visual Studio Version 17
VisualStudioVersion = 17.2.32630.192
MinimumVisualStudioVersion = 10.0.40219.1
Project("{FAE04EC0-301F-11D3-BF4B-00C04F79EFBC}") = "CSharpInDepth", "CSharpInDepth\CSharpInDepth.csproj", "{DB1F1A8E-E077-4F27-8F3F-E2E2B17699A0}"
EndProject
Global
	GlobalSection(SolutionConfigurationPlatforms) = preSolution
		Debug|Any CPU = Debug|Any CPU
		Release|Any CPU = Release|Any CPU
	EndGlobalSection
	GlobalSection(ProjectConfigurationPlatforms) = postSolution
		{DB1F1A8E-E077-4F27-8F3F-E2E2B17699A0}.Debug|Any CPU.ActiveCfg = Debug|Any CPU
		{DB1F1A8E-E077-4F27-8F3F-E2E2B17699A0}.Debug|Any CPU.Build.0 = Debug|Any CPU
		{DB1F1A8E-E077-4F27-8F3F-E2E2B17699A0}.Release|Any CPU.ActiveCfg = Release|Any CPU
		{DB1F1A8E-E077-4F27-8F3F-E2E2B17699A0}.Release|Any CPU.Build.0 = Release|Any CPU
	EndGlobalSection
	GlobalSection(SolutionProperties) = preSolution
		HideSolutionNode = FALSE
	EndGlobalSection
	GlobalSection(ExtensibilityGlobals) = postSolution
		SolutionGuid = {3DA3A7FE-D509-4B19-97EB-ACDE03A18572}
	EndGlobalSection
EndGlobal
